
Microsoft Visual Studio Solution File, Format Version 12.00
# Visual Studio Version 16
VisualStudioVersion = 16.0.810.3
MinimumVisualStudioVersion = 10.0.40219.1
Project("{FAE04EC0-301F-11D3-BF4B-00C04F79EFBC}") = "LoginApp.Android", "LoginApp.Android\LoginApp.Android.csproj", "{BA51E777-B800-46BD-A441-65B252860C1A}"
EndProject
Project("{FAE04EC0-301F-11D3-BF4B-00C04F79EFBC}") = "LoginApp.iOS", "LoginApp.iOS\LoginApp.iOS.csproj", "{F1F2CD97-4881-41A7-A811-86B5771D76A6}"
EndProject
Project("{FAE04EC0-301F-11D3-BF4B-00C04F79EFBC}") = "LoginApp", "LoginApp\LoginApp.csproj", "{68CF11E7-4C6E-41F5-B58A-F83E1EAA788F}"
EndProject
Project("{FAE04EC0-301F-11D3-BF4B-00C04F79EFBC}") = "webapi2", "webapi2\webapi2.csproj", "{391C2F2C-0DCA-44F2-8D66-3B727B8ED935}"
EndProject
Project("{FAE04EC0-301F-11D3-BF4B-00C04F79EFBC}") = "ClassLibrary1", "ClassLibrary1\ClassLibrary1.csproj", "{0D1DF66E-C6E5-4A05-BDC4-D2084A418289}"
EndProject
Global
	GlobalSection(SolutionConfigurationPlatforms) = preSolution
		Debug|Any CPU = Debug|Any CPU
		Release|Any CPU = Release|Any CPU
		Debug|iPhoneSimulator = Debug|iPhoneSimulator
		Release|iPhoneSimulator = Release|iPhoneSimulator
		Debug|iPhone = Debug|iPhone
		Release|iPhone = Release|iPhone
	EndGlobalSection
	GlobalSection(ProjectConfigurationPlatforms) = postSolution
		{BA51E777-B800-46BD-A441-65B252860C1A}.Debug|Any CPU.ActiveCfg = Debug|Any CPU
		{BA51E777-B800-46BD-A441-65B252860C1A}.Debug|Any CPU.Build.0 = Debug|Any CPU
		{BA51E777-B800-46BD-A441-65B252860C1A}.Release|Any CPU.ActiveCfg = Release|Any CPU
		{BA51E777-B800-46BD-A441-65B252860C1A}.Release|Any CPU.Build.0 = Release|Any CPU
		{BA51E777-B800-46BD-A441-65B252860C1A}.Debug|iPhoneSimulator.ActiveCfg = Debug|Any CPU
		{BA51E777-B800-46BD-A441-65B252860C1A}.Debug|iPhoneSimulator.Build.0 = Debug|Any CPU
		{BA51E777-B800-46BD-A441-65B252860C1A}.Release|iPhoneSimulator.ActiveCfg = Release|Any CPU
		{BA51E777-B800-46BD-A441-65B252860C1A}.Release|iPhoneSimulator.Build.0 = Release|Any CPU
		{BA51E777-B800-46BD-A441-65B252860C1A}.Debug|iPhone.ActiveCfg = Debug|Any CPU
		{BA51E777-B800-46BD-A441-65B252860C1A}.Debug|iPhone.Build.0 = Debug|Any CPU
		{BA51E777-B800-46BD-A441-65B252860C1A}.Release|iPhone.ActiveCfg = Release|Any CPU
		{BA51E777-B800-46BD-A441-65B252860C1A}.Release|iPhone.Build.0 = Release|Any CPU
		{F1F2CD97-4881-41A7-A811-86B5771D76A6}.Debug|Any CPU.ActiveCfg = Debug|iPhoneSimulator
		{F1F2CD97-4881-41A7-A811-86B5771D76A6}.Debug|Any CPU.Build.0 = Debug|iPhoneSimulator
		{F1F2CD97-4881-41A7-A811-86B5771D76A6}.Release|Any CPU.ActiveCfg = Release|iPhoneSimulator
		{F1F2CD97-4881-41A7-A811-86B5771D76A6}.Release|Any CPU.Build.0 = Release|iPhoneSimulator
		{F1F2CD97-4881-41A7-A811-86B5771D76A6}.Debug|iPhoneSimulator.ActiveCfg = Debug|iPhoneSimulator
		{F1F2CD97-4881-41A7-A811-86B5771D76A6}.Debug|iPhoneSimulator.Build.0 = Debug|iPhoneSimulator
		{F1F2CD97-4881-41A7-A811-86B5771D76A6}.Release|iPhoneSimulator.ActiveCfg = Release|iPhoneSimulator
		{F1F2CD97-4881-41A7-A811-86B5771D76A6}.Release|iPhoneSimulator.Build.0 = Release|iPhoneSimulator
		{F1F2CD97-4881-41A7-A811-86B5771D76A6}.Debug|iPhone.ActiveCfg = Debug|iPhone
		{F1F2CD97-4881-41A7-A811-86B5771D76A6}.Debug|iPhone.Build.0 = Debug|iPhone
		{F1F2CD97-4881-41A7-A811-86B5771D76A6}.Release|iPhone.ActiveCfg = Release|iPhone
		{F1F2CD97-4881-41A7-A811-86B5771D76A6}.Release|iPhone.Build.0 = Release|iPhone
		{68CF11E7-4C6E-41F5-B58A-F83E1EAA788F}.Debug|Any CPU.ActiveCfg = Debug|Any CPU
		{68CF11E7-4C6E-41F5-B58A-F83E1EAA788F}.Debug|Any CPU.Build.0 = Debug|Any CPU
		{68CF11E7-4C6E-41F5-B58A-F83E1EAA788F}.Release|Any CPU.ActiveCfg = Release|Any CPU
		{68CF11E7-4C6E-41F5-B58A-F83E1EAA788F}.Release|Any CPU.Build.0 = Release|Any CPU
		{68CF11E7-4C6E-41F5-B58A-F83E1EAA788F}.Debug|iPhoneSimulator.ActiveCfg = Debug|Any CPU
		{68CF11E7-4C6E-41F5-B58A-F83E1EAA788F}.Debug|iPhoneSimulator.Build.0 = Debug|Any CPU
		{68CF11E7-4C6E-41F5-B58A-F83E1EAA788F}.Release|iPhoneSimulator.ActiveCfg = Release|Any CPU
		{68CF11E7-4C6E-41F5-B58A-F83E1EAA788F}.Release|iPhoneSimulator.Build.0 = Release|Any CPU
		{68CF11E7-4C6E-41F5-B58A-F83E1EAA788F}.Debug|iPhone.ActiveCfg = Debug|Any CPU
		{68CF11E7-4C6E-41F5-B58A-F83E1EAA788F}.Debug|iPhone.Build.0 = Debug|Any CPU
		{68CF11E7-4C6E-41F5-B58A-F83E1EAA788F}.Release|iPhone.ActiveCfg = Release|Any CPU
		{68CF11E7-4C6E-41F5-B58A-F83E1EAA788F}.Release|iPhone.Build.0 = Release|Any CPU
		{391C2F2C-0DCA-44F2-8D66-3B727B8ED935}.Debug|Any CPU.ActiveCfg = Debug|Any CPU
		{391C2F2C-0DCA-44F2-8D66-3B727B8ED935}.Debug|Any CPU.Build.0 = Debug|Any CPU
		{391C2F2C-0DCA-44F2-8D66-3B727B8ED935}.Release|Any CPU.ActiveCfg = Release|Any CPU
		{391C2F2C-0DCA-44F2-8D66-3B727B8ED935}.Release|Any CPU.Build.0 = Release|Any CPU
		{391C2F2C-0DCA-44F2-8D66-3B727B8ED935}.Debug|iPhoneSimulator.ActiveCfg = Debug|Any CPU
		{391C2F2C-0DCA-44F2-8D66-3B727B8ED935}.Debug|iPhoneSimulator.Build.0 = Debug|Any CPU
		{391C2F2C-0DCA-44F2-8D66-3B727B8ED935}.Release|iPhoneSimulator.ActiveCfg = Release|Any CPU
		{391C2F2C-0DCA-44F2-8D66-3B727B8ED935}.Release|iPhoneSimulator.Build.0 = Release|Any CPU
		{391C2F2C-0DCA-44F2-8D66-3B727B8ED935}.Debug|iPhone.ActiveCfg = Debug|Any CPU
		{391C2F2C-0DCA-44F2-8D66-3B727B8ED935}.Debug|iPhone.Build.0 = Debug|Any CPU
		{391C2F2C-0DCA-44F2-8D66-3B727B8ED935}.Release|iPhone.ActiveCfg = Release|Any CPU
		{391C2F2C-0DCA-44F2-8D66-3B727B8ED935}.Release|iPhone.Build.0 = Release|Any CPU
		{0D1DF66E-C6E5-4A05-BDC4-D2084A418289}.Debug|Any CPU.ActiveCfg = Debug|Any CPU
		{0D1DF66E-C6E5-4A05-BDC4-D2084A418289}.Debug|Any CPU.Build.0 = Debug|Any CPU
		{0D1DF66E-C6E5-4A05-BDC4-D2084A418289}.Release|Any CPU.ActiveCfg = Release|Any CPU
		{0D1DF66E-C6E5-4A05-BDC4-D2084A418289}.Release|Any CPU.Build.0 = Release|Any CPU
		{0D1DF66E-C6E5-4A05-BDC4-D2084A418289}.Debug|iPhoneSimulator.ActiveCfg = Debug|Any CPU
		{0D1DF66E-C6E5-4A05-BDC4-D2084A418289}.Debug|iPhoneSimulator.Build.0 = Debug|Any CPU
		{0D1DF66E-C6E5-4A05-BDC4-D2084A418289}.Release|iPhoneSimulator.ActiveCfg = Release|Any CPU
		{0D1DF66E-C6E5-4A05-BDC4-D2084A418289}.Release|iPhoneSimulator.Build.0 = Release|Any CPU
		{0D1DF66E-C6E5-4A05-BDC4-D2084A418289}.Debug|iPhone.ActiveCfg = Debug|Any CPU
		{0D1DF66E-C6E5-4A05-BDC4-D2084A418289}.Debug|iPhone.Build.0 = Debug|Any CPU
		{0D1DF66E-C6E5-4A05-BDC4-D2084A418289}.Release|iPhone.ActiveCfg = Release|Any CPU
		{0D1DF66E-C6E5-4A05-BDC4-D2084A418289}.Release|iPhone.Build.0 = Release|Any CPU
	EndGlobalSection
	GlobalSection(SolutionProperties) = preSolution
		HideSolutionNode = FALSE
	EndGlobalSection
	GlobalSection(ExtensibilityGlobals) = postSolution
		SolutionGuid = {01E203A9-EC20-4731-A03D-19B6EC855EF2}
	EndGlobalSection
EndGlobal
